
Microsoft Visual Studio Solution File, Format Version 12.00
# Visual Studio 15
VisualStudioVersion = 15.0.26124.0
MinimumVisualStudioVersion = 15.0.26124.0
Project("{FAE04EC0-301F-11D3-BF4B-00C04F79EFBC}") = "HingeInformation", "src\HingeInformation.csproj", "{59D30568-1020-4E33-89AF-8C903B318202}"
EndProject
Project("{FAE04EC0-301F-11D3-BF4B-00C04F79EFBC}") = "HingeInformation.Tests", "tests\HingeInformation.Tests.csproj", "{BAF2DCBB-BB10-4805-8B12-91C8203546B0}"
EndProject
Project("{FAE04EC0-301F-11D3-BF4B-00C04F79EFBC}") = "HingeInformation.Sample", "sample\HingeInformation.Sample.csproj", "{74F4133E-3DD6-4F78-BFD5-4DEE06487802}"
EndProject
Global
	GlobalSection(SolutionConfigurationPlatforms) = preSolution
		Debug|Any CPU = Debug|Any CPU
		Debug|x64 = Debug|x64
		Debug|x86 = Debug|x86
		Release|Any CPU = Release|Any CPU
		Release|x64 = Release|x64
		Release|x86 = Release|x86
	EndGlobalSection
	GlobalSection(SolutionProperties) = preSolution
		HideSolutionNode = FALSE
	EndGlobalSection
	GlobalSection(ProjectConfigurationPlatforms) = postSolution
		{59D30568-1020-4E33-89AF-8C903B318202}.Debug|Any CPU.ActiveCfg = Debug|Any CPU
		{59D30568-1020-4E33-89AF-8C903B318202}.Debug|Any CPU.Build.0 = Debug|Any CPU
		{59D30568-1020-4E33-89AF-8C903B318202}.Debug|x64.ActiveCfg = Debug|Any CPU
		{59D30568-1020-4E33-89AF-8C903B318202}.Debug|x64.Build.0 = Debug|Any CPU
		{59D30568-1020-4E33-89AF-8C903B318202}.Debug|x86.ActiveCfg = Debug|Any CPU
		{59D30568-1020-4E33-89AF-8C903B318202}.Debug|x86.Build.0 = Debug|Any CPU
		{59D30568-1020-4E33-89AF-8C903B318202}.Release|Any CPU.ActiveCfg = Release|Any CPU
		{59D30568-1020-4E33-89AF-8C903B318202}.Release|Any CPU.Build.0 = Release|Any CPU
		{59D30568-1020-4E33-89AF-8C903B318202}.Release|x64.ActiveCfg = Release|Any CPU
		{59D30568-1020-4E33-89AF-8C903B318202}.Release|x64.Build.0 = Release|Any CPU
		{59D30568-1020-4E33-89AF-8C903B318202}.Release|x86.ActiveCfg = Release|Any CPU
		{59D30568-1020-4E33-89AF-8C903B318202}.Release|x86.Build.0 = Release|Any CPU
		{BAF2DCBB-BB10-4805-8B12-91C8203546B0}.Debug|Any CPU.ActiveCfg = Debug|Any CPU
		{BAF2DCBB-BB10-4805-8B12-91C8203546B0}.Debug|Any CPU.Build.0 = Debug|Any CPU
		{BAF2DCBB-BB10-4805-8B12-91C8203546B0}.Debug|x64.ActiveCfg = Debug|Any CPU
		{BAF2DCBB-BB10-4805-8B12-91C8203546B0}.Debug|x64.Build.0 = Debug|Any CPU
		{BAF2DCBB-BB10-4805-8B12-91C8203546B0}.Debug|x86.ActiveCfg = Debug|Any CPU
		{BAF2DCBB-BB10-4805-8B12-91C8203546B0}.Debug|x86.Build.0 = Debug|Any CPU
		{BAF2DCBB-BB10-4805-8B12-91C8203546B0}.Release|Any CPU.ActiveCfg = Release|Any CPU
		{BAF2DCBB-BB10-4805-8B12-91C8203546B0}.Release|Any CPU.Build.0 = Release|Any CPU
		{BAF2DCBB-BB10-4805-8B12-91C8203546B0}.Release|x64.ActiveCfg = Release|Any CPU
		{BAF2DCBB-BB10-4805-8B12-91C8203546B0}.Release|x64.Build.0 = Release|Any CPU
		{BAF2DCBB-BB10-4805-8B12-91C8203546B0}.Release|x86.ActiveCfg = Release|Any CPU
		{BAF2DCBB-BB10-4805-8B12-91C8203546B0}.Release|x86.Build.0 = Release|Any CPU
		{74F4133E-3DD6-4F78-BFD5-4DEE06487802}.Debug|Any CPU.ActiveCfg = Debug|Any CPU
		{74F4133E-3DD6-4F78-BFD5-4DEE06487802}.Debug|Any CPU.Build.0 = Debug|Any CPU
		{74F4133E-3DD6-4F78-BFD5-4DEE06487802}.Debug|x64.ActiveCfg = Debug|Any CPU
		{74F4133E-3DD6-4F78-BFD5-4DEE06487802}.Debug|x64.Build.0 = Debug|Any CPU
		{74F4133E-3DD6-4F78-BFD5-4DEE06487802}.Debug|x86.ActiveCfg = Debug|Any CPU
		{74F4133E-3DD6-4F78-BFD5-4DEE06487802}.Debug|x86.Build.0 = Debug|Any CPU
		{74F4133E-3DD6-4F78-BFD5-4DEE06487802}.Release|Any CPU.ActiveCfg = Release|Any CPU
		{74F4133E-3DD6-4F78-BFD5-4DEE06487802}.Release|Any CPU.Build.0 = Release|Any CPU
		{74F4133E-3DD6-4F78-BFD5-4DEE06487802}.Release|x64.ActiveCfg = Release|Any CPU
		{74F4133E-3DD6-4F78-BFD5-4DEE06487802}.Release|x64.Build.0 = Release|Any CPU
		{74F4133E-3DD6-4F78-BFD5-4DEE06487802}.Release|x86.ActiveCfg = Release|Any CPU
		{74F4133E-3DD6-4F78-BFD5-4DEE06487802}.Release|x86.Build.0 = Release|Any CPU
	EndGlobalSection
EndGlobal
